<?xml version="1.0" encoding="utf-8"?>
<Project ToolsVersion="4.0" xmlns="http://schemas.microsoft.com/developer/msbuild/2003">
  <ItemGroup>
    <Filter Include="Source Files">
      <UniqueIdentifier>{4FC737F1-C7A5-4376-A066-2A32D752A2FF}</UniqueIdentifier>
      <Extensions>cpp;c;cc;cxx;c++;def;odl;idl;hpj;bat;asm;asmx</Extensions>
    </Filter>
    <Filter Include="Header Files">
      <UniqueIdentifier>{93995380-89BD-4b04-88EB-625FBE52EBFB}</UniqueIdentifier>
      <Extensions>h;hh;hpp;hxx;h++;hm;inl;inc;ipp;xsd</Extensions>
    </Filter>
    <Filter Include="Resource Files">
      <UniqueIdentifier>{67DA6AB6-F800-4c08-8B7A-83BB121AAD01}</UniqueIdentifier>
      <Extensions>rc;ico;cur;bmp;dlg;rc2;rct;bin;rgs;gif;jpg;jpeg;jpe;resx;tiff;tif;png;wav;mfcribbon-ms</Extensions>
    </Filter>
    <Filter Include="components">
      <UniqueIdentifier>{b2d4fe95-1a2e-412f-b185-c956d7a7bae5}</UniqueIdentifier>
    </Filter>
    <Filter Include="components\headers">
      <UniqueIdentifier>{95d05d8c-87de-4337-8298-c53579f93c88}</UniqueIdentifier>
    </Filter>
    <Filter Include="Source Files\stb">
      <UniqueIdentifier>{d19ca3d2-cc13-4e1d-a7a7-91a5029bd4e7}</UniqueIdentifier>
    </Filter>
  </ItemGroup>
  <ItemGroup>
    <ClCompile Include="tigl.cpp">
      <Filter>Source Files</Filter>
    </ClCompile>
    <ClCompile Include="main.cpp">
      <Filter>Source Files</Filter>
    </ClCompile>
    <ClCompile Include="GameObject.cpp">
      <Filter>Source Files</Filter>
    </ClCompile>
    <ClCompile Include="DrawComponent.cpp">
      <Filter>components</Filter>
    </ClCompile>
    <ClCompile Include="Component.cpp">
      <Filter>components</Filter>
    </ClCompile>
    <ClCompile Include="BoundingBoxComponent.cpp">
      <Filter>components</Filter>
    </ClCompile>
    <ClCompile Include="PlayerComponent.cpp">
      <Filter>components</Filter>
    </ClCompile>
    <ClCompile Include="FloorManager.cpp">
      <Filter>Source Files</Filter>
    </ClCompile>
    <ClCompile Include="FloorTile.cpp">
      <Filter>Source Files</Filter>
    </ClCompile>
    <ClCompile Include="Texture.cpp">
      <Filter>Source Files</Filter>
    </ClCompile>
    <ClCompile Include="stb_image.cpp">
      <Filter>Source Files\stb</Filter>
    </ClCompile>
    <ClCompile Include="PlaneComponent.cpp">
      <Filter>components</Filter>
    </ClCompile>
    <ClCompile Include="CameraComponent.cpp">
      <Filter>components</Filter>
    </ClCompile>
    <ClCompile Include="BoxComponent.cpp">
      <Filter>components</Filter>
    </ClCompile>
    <ClCompile Include="ForceComponent.cpp">
      <Filter>components</Filter>
    </ClCompile>
    <ClCompile Include="GravityComponent.cpp">
      <Filter>components</Filter>
    </ClCompile>
    <ClCompile Include="GameManager.cpp">
      <Filter>Source Files</Filter>
    </ClCompile>
    <ClCompile Include="YDeleteObjectComponent.cpp">
      <Filter>components</Filter>
    </ClCompile>
    <ClCompile Include="MoveToComponent.cpp">
      <Filter>components</Filter>
    </ClCompile>
  </ItemGroup>
  <ItemGroup>
    <ClInclude Include="tigl.h">
      <Filter>Header Files</Filter>
    </ClInclude>
    <ClInclude Include="GameObject.h">
      <Filter>Header Files</Filter>
    </ClInclude>
    <ClInclude Include="BoundingBoxComponent.h">
      <Filter>components\headers</Filter>
    </ClInclude>
    <ClInclude Include="Component.h">
      <Filter>components\headers</Filter>
    </ClInclude>
    <ClInclude Include="DrawComponent.h">
      <Filter>components\headers</Filter>
    </ClInclude>
    <ClInclude Include="PlayerComponent.h">
      <Filter>components\headers</Filter>
    </ClInclude>
    <ClInclude Include="FloorManager.h">
      <Filter>Header Files</Filter>
    </ClInclude>
    <ClInclude Include="FloorTile.h">
      <Filter>Header Files</Filter>
    </ClInclude>
    <ClInclude Include="PlaneComponent.h">
      <Filter>components\headers</Filter>
    </ClInclude>
    <ClInclude Include="Texture.h">
      <Filter>Header Files</Filter>
    </ClInclude>
    <ClInclude Include="stb_image.h">
      <Filter>Source Files\stb</Filter>
    </ClInclude>
    <ClInclude Include="Color.h">
      <Filter>Header Files</Filter>
    </ClInclude>
    <ClInclude Include="BoxComponent.h">
      <Filter>components\headers</Filter>
    </ClInclude>
    <ClInclude Include="CameraComponent.h">
      <Filter>components\headers</Filter>
    </ClInclude>
    <ClInclude Include="ForceComponent.h">
      <Filter>components\headers</Filter>
    </ClInclude>
    <ClInclude Include="GameManager.h">
      <Filter>Header Files</Filter>
    </ClInclude>
    <ClInclude Include="GravityComponent.h">
      <Filter>components\headers</Filter>
    </ClInclude>
    <ClInclude Include="MoveToComponent.h">
      <Filter>components\headers</Filter>
    </ClInclude>
    <ClInclude Include="YDeleteObjectComponent.h">
      <Filter>components\headers</Filter>
    </ClInclude>
    <ClInclude Include="GameStatus.h">
      <Filter>Header Files</Filter>
    </ClInclude>
  </ItemGroup>
</Project>